
Microsoft Visual Studio Solution File, Format Version 12.00
# Visual Studio Version 17
VisualStudioVersion = 17.9.34607.119
MinimumVisualStudioVersion = 10.0.40219.1
Project("{FAE04EC0-301F-11D3-BF4B-00C04F79EFBC}") = "Máquina de vendas", "Máquina de vendas\Máquina de vendas.csproj", "{AB566011-86EC-4018-BAF8-EAED89A29DDE}"
EndProject
Global
	GlobalSection(SolutionConfigurationPlatforms) = preSolution
		Debug|Any CPU = Debug|Any CPU
		Release|Any CPU = Release|Any CPU
	EndGlobalSection
	GlobalSection(ProjectConfigurationPlatforms) = postSolution
		{AB566011-86EC-4018-BAF8-EAED89A29DDE}.Debug|Any CPU.ActiveCfg = Debug|Any CPU
		{AB566011-86EC-4018-BAF8-EAED89A29DDE}.Debug|Any CPU.Build.0 = Debug|Any CPU
		{AB566011-86EC-4018-BAF8-EAED89A29DDE}.Release|Any CPU.ActiveCfg = Release|Any CPU
		{AB566011-86EC-4018-BAF8-EAED89A29DDE}.Release|Any CPU.Build.0 = Release|Any CPU
	EndGlobalSection
	GlobalSection(SolutionProperties) = preSolution
		HideSolutionNode = FALSE
	EndGlobalSection
	GlobalSection(ExtensibilityGlobals) = postSolution
		SolutionGuid = {D57656D4-27EE-44F7-AFF5-47047DBF80A5}
	EndGlobalSection
EndGlobal
